// !$*UTF8*$!
{
	archiveVersion = 1;
	classes = {
	};
	objectVersion = 50;
	objects = {

/* Begin PBXBuildFile section */
		70C0E2FE24A6AFA2007EE16C /* AppDelegate.swift in Sources */ = {isa = PBXBuildFile; fileRef = 70C0E2FD24A6AFA2007EE16C /* AppDelegate.swift */; };
		70C0E30024A6AFA2007EE16C /* SceneDelegate.swift in Sources */ = {isa = PBXBuildFile; fileRef = 70C0E2FF24A6AFA2007EE16C /* SceneDelegate.swift */; };
		70C0E30224A6AFA2007EE16C /* ViewController.swift in Sources */ = {isa = PBXBuildFile; fileRef = 70C0E30124A6AFA2007EE16C /* ViewController.swift */; };
		70C0E30524A6AFA2007EE16C /* Main.storyboard in Resources */ = {isa = PBXBuildFile; fileRef = 70C0E30324A6AFA2007EE16C /* Main.storyboard */; };
		70C0E30724A6AFA3007EE16C /* Assets.xcassets in Resources */ = {isa = PBXBuildFile; fileRef = 70C0E30624A6AFA3007EE16C /* Assets.xcassets */; };
		70C0E30A24A6AFA3007EE16C /* LaunchScreen.storyboard in Resources */ = {isa = PBXBuildFile; fileRef = 70C0E30824A6AFA3007EE16C /* LaunchScreen.storyboard */; };
/* End PBXBuildFile section */

/* Begin PBXFileReference section */
		70C0E2FA24A6AFA2007EE16C /* ios-onboarding.app */ = {isa = PBXFileReference; explicitFileType = wrapper.application; includeInIndex = 0; path = "ios-onboarding.app"; sourceTree = BUILT_PRODUCTS_DIR; };
		70C0E2FD24A6AFA2007EE16C /* AppDelegate.swift */ = {isa = PBXFileReference; lastKnownFileType = sourcecode.swift; path = AppDelegate.swift; sourceTree = "<group>"; };
		70C0E2FF24A6AFA2007EE16C /* SceneDelegate.swift */ = {isa = PBXFileReference; lastKnownFileType = sourcecode.swift; path = SceneDelegate.swift; sourceTree = "<group>"; };
		70C0E30124A6AFA2007EE16C /* ViewController.swift */ = {isa = PBXFileReference; lastKnownFileType = sourcecode.swift; path = ViewController.swift; sourceTree = "<group>"; };
		70C0E30424A6AFA2007EE16C /* Base */ = {isa = PBXFileReference; lastKnownFileType = file.storyboard; name = Base; path = Base.lproj/Main.storyboard; sourceTree = "<group>"; };
		70C0E30624A6AFA3007EE16C /* Assets.xcassets */ = {isa = PBXFileReference; lastKnownFileType = folder.assetcatalog; path = Assets.xcassets; sourceTree = "<group>"; };
		70C0E30924A6AFA3007EE16C /* Base */ = {isa = PBXFileReference; lastKnownFileType = file.storyboard; name = Base; path = Base.lproj/LaunchScreen.storyboard; sourceTree = "<group>"; };
		70C0E30B24A6AFA3007EE16C /* Info.plist */ = {isa = PBXFileReference; lastKnownFileType = text.plist.xml; path = Info.plist; sourceTree = "<group>"; };
/* End PBXFileReference section */

/* Begin PBXFrameworksBuildPhase section */
		70C0E2F724A6AFA2007EE16C /* Frameworks */ = {
			isa = PBXFrameworksBuildPhase;
			buildActionMask = 2147483647;
			files = (
			);
			runOnlyForDeploymentPostprocessing = 0;
		};
/* End PBXFrameworksBuildPhase section */

/* Begin PBXGroup section */
		70C0E2F124A6AFA2007EE16C = {
			isa = PBXGroup;
			children = (
				70C0E2FC24A6AFA2007EE16C /* ios-onboarding */,
				70C0E2FB24A6AFA2007EE16C /* Products */,
			);
			sourceTree = "<group>";
		};
		70C0E2FB24A6AFA2007EE16C /* Products */ = {
			isa = PBXGroup;
			children = (
				70C0E2FA24A6AFA2007EE16C /* ios-onboarding.app */,
			);
			name = Products;
			sourceTree = "<group>";
		};
		70C0E2FC24A6AFA2007EE16C /* ios-onboarding */ = {
			isa = PBXGroup;
			children = (
				70C0E2FD24A6AFA2007EE16C /* AppDelegate.swift */,
				70C0E2FF24A6AFA2007EE16C /* SceneDelegate.swift */,
				70C0E30124A6AFA2007EE16C /* ViewController.swift */,
				70C0E30324A6AFA2007EE16C /* Main.storyboard */,
				70C0E30624A6AFA3007EE16C /* Assets.xcassets */,
				70C0E30824A6AFA3007EE16C /* LaunchScreen.storyboard */,
				70C0E30B24A6AFA3007EE16C /* Info.plist */,
			);
			path = "ios-onboarding";
			sourceTree = "<group>";
		};
/* End PBXGroup section */

/* Begin PBXNativeTarget section */
		70C0E2F924A6AFA2007EE16C /* ios-onboarding */ = {
			isa = PBXNativeTarget;
			buildConfigurationList = 70C0E30E24A6AFA3007EE16C /* Build configuration list for PBXNativeTarget "ios-onboarding" */;
			buildPhases = (
				70C0E2F624A6AFA2007EE16C /* Sources */,
				70C0E2F724A6AFA2007EE16C /* Frameworks */,
				70C0E2F824A6AFA2007EE16C /* Resources */,
			);
			buildRules = (
			);
			dependencies = (
			);
			name = "ios-onboarding";
			productName = "ios-onboarding";
			productReference = 70C0E2FA24A6AFA2007EE16C /* ios-onboarding.app */;
			productType = "com.apple.product-type.application";
		};
/* End PBXNativeTarget section */

/* Begin PBXProject section */
		70C0E2F224A6AFA2007EE16C /* Project object */ = {
			isa = PBXProject;
			attributes = {
				LastSwiftUpdateCheck = 1150;
				LastUpgradeCheck = 1150;
				ORGANIZATIONNAME = "Michael Christie";
				TargetAttributes = {
					70C0E2F924A6AFA2007EE16C = {
						CreatedOnToolsVersion = 11.5;
					};
				};
			};
			buildConfigurationList = 70C0E2F524A6AFA2007EE16C /* Build configuration list for PBXProject "ios-onboarding" */;
			compatibilityVersion = "Xcode 9.3";
			developmentRegion = en;
			hasScannedForEncodings = 0;
			knownRegions = (
				en,
				Base,
			);
			mainGroup = 70C0E2F124A6AFA2007EE16C;
			productRefGroup = 70C0E2FB24A6AFA2007EE16C /* Products */;
			projectDirPath = "";
			projectRoot = "";
			targets = (
				70C0E2F924A6AFA2007EE16C /* ios-onboarding */,
			);
		};
/* End PBXProject section */

/* Begin PBXResourcesBuildPhase section */
		70C0E2F824A6AFA2007EE16C /* Resources */ = {
			isa = PBXResourcesBuildPhase;
			buildActionMask = 2147483647;
			files = (
				70C0E30A24A6AFA3007EE16C /* LaunchScreen.storyboard in Resources */,
				70C0E30724A6AFA3007EE16C /* Assets.xcassets in Resources */,
				70C0E30524A6AFA2007EE16C /* Main.storyboard in Resources */,
			);
			runOnlyForDeploymentPostprocessing = 0;
		};
/* End PBXResourcesBuildPhase section */

/* Begin PBXSourcesBuildPhase section */
		70C0E2F624A6AFA2007EE16C /* Sources */ = {
			isa = PBXSourcesBuildPhase;
			buildActionMask = 2147483647;
			files = (
				70C0E30224A6AFA2007EE16C /* ViewController.swift in Sources */,
				70C0E2FE24A6AFA2007EE16C /* AppDelegate.swift in Sources */,
				70C0E30024A6AFA2007EE16C /* SceneDelegate.swift in Sources */,
			);
			runOnlyForDeploymentPostprocessing = 0;
		};
/* End PBXSourcesBuildPhase section */

/* Begin PBXVariantGroup section */
		70C0E30324A6AFA2007EE16C /* Main.storyboard */ = {
			isa = PBXVariantGroup;
			children = (
				70C0E30424A6AFA2007EE16C /* Base */,
			);
			name = Main.storyboard;
			sourceTree = "<group>";
		};
		70C0E30824A6AFA3007EE16C /* LaunchScreen.storyboard */ = {
			isa = PBXVariantGroup;
			children = (
				70C0E30924A6AFA3007EE16C /* Base */,
			);
			name = LaunchScreen.storyboard;
			sourceTree = "<group>";
		};
/* End PBXVariantGroup section */

/* Begin XCBuildConfiguration section */
		70C0E30C24A6AFA3007EE16C /* Debug */ = {
			isa = XCBuildConfiguration;
			buildSettings = {
				ALWAYS_SEARCH_USER_PATHS = NO;
				CLANG_ANALYZER_NONNULL = YES;
				CLANG_ANALYZER_NUMBER_OBJECT_CONVERSION = YES_AGGRESSIVE;
				CLANG_CXX_LANGUAGE_STANDARD = "gnu++14";
				CLANG_CXX_LIBRARY = "libc++";
				CLANG_ENABLE_MODULES = YES;
				CLANG_ENABLE_OBJC_ARC = YES;
				CLANG_ENABLE_OBJC_WEAK = YES;
				CLANG_WARN_BLOCK_CAPTURE_AUTORELEASING = YES;
				CLANG_WARN_BOOL_CONVERSION = YES;
				CLANG_WARN_COMMA = YES;
				CLANG_WARN_CONSTANT_CONVERSION = YES;
				CLANG_WARN_DEPRECATED_OBJC_IMPLEMENTATIONS = YES;
				CLANG_WARN_DIRECT_OBJC_ISA_USAGE = YES_ERROR;
				CLANG_WARN_DOCUMENTATION_COMMENTS = YES;
				CLANG_WARN_EMPTY_BODY = YES;
				CLANG_WARN_ENUM_CONVERSION = YES;
				CLANG_WARN_INFINITE_RECURSION = YES;
				CLANG_WARN_INT_CONVERSION = YES;
				CLANG_WARN_NON_LITERAL_NULL_CONVERSION = YES;
				CLANG_WARN_OBJC_IMPLICIT_RETAIN_SELF = YES;
				CLANG_WARN_OBJC_LITERAL_CONVERSION = YES;
				CLANG_WARN_OBJC_ROOT_CLASS = YES_ERROR;
				CLANG_WARN_RANGE_LOOP_ANALYSIS = YES;
				CLANG_WARN_STRICT_PROTOTYPES = YES;
				CLANG_WARN_SUSPICIOUS_MOVE = YES;
				CLANG_WARN_UNGUARDED_AVAILABILITY = YES_AGGRESSIVE;
				CLANG_WARN_UNREACHABLE_CODE = YES;
				CLANG_WARN__DUPLICATE_METHOD_MATCH = YES;
				COPY_PHASE_STRIP = NO;
				DEBUG_INFORMATION_FORMAT = dwarf;
				ENABLE_STRICT_OBJC_MSGSEND = YES;
				ENABLE_TESTABILITY = YES;
				GCC_C_LANGUAGE_STANDARD = gnu11;
				GCC_DYNAMIC_NO_PIC = NO;
				GCC_NO_COMMON_BLOCKS = YES;
				GCC_OPTIMIZATION_LEVEL = 0;
				GCC_PREPROCESSOR_DEFINITIONS = (
					"DEBUG=1",
					"$(inherited)",
				);
				GCC_WARN_64_TO_32_BIT_CONVERSION = YES;
				GCC_WARN_ABOUT_RETURN_TYPE = YES_ERROR;
				GCC_WARN_UNDECLARED_SELECTOR = YES;
				GCC_WARN_UNINITIALIZED_AUTOS = YES_AGGRESSIVE;
				GCC_WARN_UNUSED_FUNCTION = YES;
				GCC_WARN_UNUSED_VARIABLE = YES;
				IPHONEOS_DEPLOYMENT_TARGET = 13.5;
				MTL_ENABLE_DEBUG_INFO = INCLUDE_SOURCE;
				MTL_FAST_MATH = YES;
				ONLY_ACTIVE_ARCH = YES;
				SDKROOT = iphoneos;
				SWIFT_ACTIVE_COMPILATION_CONDITIONS = DEBUG;
				SWIFT_OPTIMIZATION_LEVEL = "-Onone";
			};
			name = Debug;
		};
		70C0E30D24A6AFA3007EE16C /* Release */ = {
			isa = XCBuildConfiguration;
			buildSettings = {
				ALWAYS_SEARCH_USER_PATHS = NO;
				CLANG_ANALYZER_NONNULL = YES;
				CLANG_ANALYZER_NUMBER_OBJECT_CONVERSION = YES_AGGRESSIVE;
				CLANG_CXX_LANGUAGE_STANDARD = "gnu++14";
				CLANG_CXX_LIBRARY = "libc++";
				CLANG_ENABLE_MODULES = YES;
				CLANG_ENABLE_OBJC_ARC = YES;
				CLANG_ENABLE_OBJC_WEAK = YES;
				CLANG_WARN_BLOCK_CAPTURE_AUTORELEASING = YES;
				CLANG_WARN_BOOL_CONVERSION = YES;
				CLANG_WARN_COMMA = YES;
				CLANG_WARN_CONSTANT_CONVERSION = YES;
				CLANG_WARN_DEPRECATED_OBJC_IMPLEMENTATIONS = YES;
				CLANG_WARN_DIRECT_OBJC_ISA_USAGE = YES_ERROR;
				CLANG_WARN_DOCUMENTATION_COMMENTS = YES;
				CLANG_WARN_EMPTY_BODY = YES;
				CLANG_WARN_ENUM_CONVERSION = YES;
				CLANG_WARN_INFINITE_RECURSION = YES;
				CLANG_WARN_INT_CONVERSION = YES;
				CLANG_WARN_NON_LITERAL_NULL_CONVERSION = YES;
				CLANG_WARN_OBJC_IMPLICIT_RETAIN_SELF = YES;
				CLANG_WARN_OBJC_LITERAL_CONVERSION = YES;
				CLANG_WARN_OBJC_ROOT_CLASS = YES_ERROR;
				CLANG_WARN_RANGE_LOOP_ANALYSIS = YES;
				CLANG_WARN_STRICT_PROTOTYPES = YES;
				CLANG_WARN_SUSPICIOUS_MOVE = YES;
				CLANG_WARN_UNGUARDED_AVAILABILITY = YES_AGGRESSIVE;
				CLANG_WARN_UNREACHABLE_CODE = YES;
				CLANG_WARN__DUPLICATE_METHOD_MATCH = YES;
				COPY_PHASE_STRIP = NO;
				DEBUG_INFORMATION_FORMAT = "dwarf-with-dsym";
				ENABLE_NS_ASSERTIONS = NO;
				ENABLE_STRICT_OBJC_MSGSEND = YES;
				GCC_C_LANGUAGE_STANDARD = gnu11;
				GCC_NO_COMMON_BLOCKS = YES;
				GCC_WARN_64_TO_32_BIT_CONVERSION = YES;
				GCC_WARN_ABOUT_RETURN_TYPE = YES_ERROR;
				GCC_WARN_UNDECLARED_SELECTOR = YES;
				GCC_WARN_UNINITIALIZED_AUTOS = YES_AGGRESSIVE;
				GCC_WARN_UNUSED_FUNCTION = YES;
				GCC_WARN_UNUSED_VARIABLE = YES;
				IPHONEOS_DEPLOYMENT_TARGET = 13.5;
				MTL_ENABLE_DEBUG_INFO = NO;
				MTL_FAST_MATH = YES;
				SDKROOT = iphoneos;
				SWIFT_COMPILATION_MODE = wholemodule;
				SWIFT_OPTIMIZATION_LEVEL = "-O";
				VALIDATE_PRODUCT = YES;
			};
			name = Release;
		};
		70C0E30F24A6AFA3007EE16C /* Debug */ = {
			isa = XCBuildConfiguration;
			buildSettings = {
				ASSETCATALOG_COMPILER_APPICON_NAME = AppIcon;
				CODE_SIGN_STYLE = Automatic;
				DEVELOPMENT_TEAM = SWH8KK7463;
				INFOPLIST_FILE = "ios-onboarding/Info.plist";
				LD_RUNPATH_SEARCH_PATHS = (
					"$(inherited)",
					"@executable_path/Frameworks",
				);
				PRODUCT_BUNDLE_IDENTIFIER = "com.michaelchristie.ios-onboarding";
				PRODUCT_NAME = "$(TARGET_NAME)";
				SWIFT_VERSION = 5.0;
				TARGETED_DEVICE_FAMILY = "1,2";
			};
			name = Debug;
		};
		70C0E31024A6AFA3007EE16C /* Release */ = {
			isa = XCBuildConfiguration;
			buildSettings = {
				ASSETCATALOG_COMPILER_APPICON_NAME = AppIcon;
				CODE_SIGN_STYLE = Automatic;
				DEVELOPMENT_TEAM = SWH8KK7463;
				INFOPLIST_FILE = "ios-onboarding/Info.plist";
				LD_RUNPATH_SEARCH_PATHS = (
					"$(inherited)",
					"@executable_path/Frameworks",
				);
				PRODUCT_BUNDLE_IDENTIFIER = "com.michaelchristie.ios-onboarding";
				PRODUCT_NAME = "$(TARGET_NAME)";
				SWIFT_VERSION = 5.0;
				TARGETED_DEVICE_FAMILY = "1,2";
			};
			name = Release;
		};
/* End XCBuildConfiguration section */

/* Begin XCConfigurationList section */
		70C0E2F524A6AFA2007EE16C /* Build configuration list for PBXProject "ios-onboarding" */ = {
			isa = XCConfigurationList;
			buildConfigurations = (
				70C0E30C24A6AFA3007EE16C /* Debug */,
				70C0E30D24A6AFA3007EE16C /* Release */,
			);
			defaultConfigurationIsVisible = 0;
			defaultConfigurationName = Release;
		};
		70C0E30E24A6AFA3007EE16C /* Build configuration list for PBXNativeTarget "ios-onboarding" */ = {
			isa = XCConfigurationList;
			buildConfigurations = (
				70C0E30F24A6AFA3007EE16C /* Debug */,
				70C0E31024A6AFA3007EE16C /* Release */,
			);
			defaultConfigurationIsVisible = 0;
			defaultConfigurationName = Release;
		};
/* End XCConfigurationList section */
	};
	rootObject = 70C0E2F224A6AFA2007EE16C /* Project object */;
}
